// !$*UTF8*$!
{
	archiveVersion = 1;
	classes = {
	};
	objectVersion = 48;
	objects = {

/* Begin PBXBuildFile section */
		44AA34B7202928BC00DDE645 /* AppDelegate.swift in Sources */ = {isa = PBXBuildFile; fileRef = 44AA34B6202928BC00DDE645 /* AppDelegate.swift */; };
		44AA34B9202928BC00DDE645 /* ViewController.swift in Sources */ = {isa = PBXBuildFile; fileRef = 44AA34B8202928BC00DDE645 /* ViewController.swift */; };
		44AA34BC202928BC00DDE645 /* Main.storyboard in Resources */ = {isa = PBXBuildFile; fileRef = 44AA34BA202928BC00DDE645 /* Main.storyboard */; };
		44AA34BE202928BC00DDE645 /* Assets.xcassets in Resources */ = {isa = PBXBuildFile; fileRef = 44AA34BD202928BC00DDE645 /* Assets.xcassets */; };
		44AA34C1202928BC00DDE645 /* LaunchScreen.storyboard in Resources */ = {isa = PBXBuildFile; fileRef = 44AA34BF202928BC00DDE645 /* LaunchScreen.storyboard */; };
		44AA34CC202928BC00DDE645 /* baojiajun_hw2Tests.swift in Sources */ = {isa = PBXBuildFile; fileRef = 44AA34CB202928BC00DDE645 /* baojiajun_hw2Tests.swift */; };
		44AA34D7202928BC00DDE645 /* baojiajun_hw2UITests.swift in Sources */ = {isa = PBXBuildFile; fileRef = 44AA34D6202928BC00DDE645 /* baojiajun_hw2UITests.swift */; };
/* End PBXBuildFile section */

/* Begin PBXContainerItemProxy section */
		44AA34C8202928BC00DDE645 /* PBXContainerItemProxy */ = {
			isa = PBXContainerItemProxy;
			containerPortal = 44AA34AB202928BC00DDE645 /* Project object */;
			proxyType = 1;
			remoteGlobalIDString = 44AA34B2202928BC00DDE645;
			remoteInfo = "baojiajun-hw2";
		};
		44AA34D3202928BC00DDE645 /* PBXContainerItemProxy */ = {
			isa = PBXContainerItemProxy;
			containerPortal = 44AA34AB202928BC00DDE645 /* Project object */;
			proxyType = 1;
			remoteGlobalIDString = 44AA34B2202928BC00DDE645;
			remoteInfo = "baojiajun-hw2";
		};
/* End PBXContainerItemProxy section */

/* Begin PBXFileReference section */
		44AA34B3202928BC00DDE645 /* baojiajun-hw2.app */ = {isa = PBXFileReference; explicitFileType = wrapper.application; includeInIndex = 0; path = "baojiajun-hw2.app"; sourceTree = BUILT_PRODUCTS_DIR; };
		44AA34B6202928BC00DDE645 /* AppDelegate.swift */ = {isa = PBXFileReference; lastKnownFileType = sourcecode.swift; path = AppDelegate.swift; sourceTree = "<group>"; };
		44AA34B8202928BC00DDE645 /* ViewController.swift */ = {isa = PBXFileReference; lastKnownFileType = sourcecode.swift; path = ViewController.swift; sourceTree = "<group>"; };
		44AA34BB202928BC00DDE645 /* Base */ = {isa = PBXFileReference; lastKnownFileType = file.storyboard; name = Base; path = Base.lproj/Main.storyboard; sourceTree = "<group>"; };
		44AA34BD202928BC00DDE645 /* Assets.xcassets */ = {isa = PBXFileReference; lastKnownFileType = folder.assetcatalog; path = Assets.xcassets; sourceTree = "<group>"; };
		44AA34C0202928BC00DDE645 /* Base */ = {isa = PBXFileReference; lastKnownFileType = file.storyboard; name = Base; path = Base.lproj/LaunchScreen.storyboard; sourceTree = "<group>"; };
		44AA34C2202928BC00DDE645 /* Info.plist */ = {isa = PBXFileReference; lastKnownFileType = text.plist.xml; path = Info.plist; sourceTree = "<group>"; };
		44AA34C7202928BC00DDE645 /* baojiajun-hw2Tests.xctest */ = {isa = PBXFileReference; explicitFileType = wrapper.cfbundle; includeInIndex = 0; path = "baojiajun-hw2Tests.xctest"; sourceTree = BUILT_PRODUCTS_DIR; };
		44AA34CB202928BC00DDE645 /* baojiajun_hw2Tests.swift */ = {isa = PBXFileReference; lastKnownFileType = sourcecode.swift; path = baojiajun_hw2Tests.swift; sourceTree = "<group>"; };
		44AA34CD202928BC00DDE645 /* Info.plist */ = {isa = PBXFileReference; lastKnownFileType = text.plist.xml; path = Info.plist; sourceTree = "<group>"; };
		44AA34D2202928BC00DDE645 /* baojiajun-hw2UITests.xctest */ = {isa = PBXFileReference; explicitFileType = wrapper.cfbundle; includeInIndex = 0; path = "baojiajun-hw2UITests.xctest"; sourceTree = BUILT_PRODUCTS_DIR; };
		44AA34D6202928BC00DDE645 /* baojiajun_hw2UITests.swift */ = {isa = PBXFileReference; lastKnownFileType = sourcecode.swift; path = baojiajun_hw2UITests.swift; sourceTree = "<group>"; };
		44AA34D8202928BC00DDE645 /* Info.plist */ = {isa = PBXFileReference; lastKnownFileType = text.plist.xml; path = Info.plist; sourceTree = "<group>"; };
/* End PBXFileReference section */

/* Begin PBXFrameworksBuildPhase section */
		44AA34B0202928BC00DDE645 /* Frameworks */ = {
			isa = PBXFrameworksBuildPhase;
			buildActionMask = 2147483647;
			files = (
			);
			runOnlyForDeploymentPostprocessing = 0;
		};
		44AA34C4202928BC00DDE645 /* Frameworks */ = {
			isa = PBXFrameworksBuildPhase;
			buildActionMask = 2147483647;
			files = (
			);
			runOnlyForDeploymentPostprocessing = 0;
		};
		44AA34CF202928BC00DDE645 /* Frameworks */ = {
			isa = PBXFrameworksBuildPhase;
			buildActionMask = 2147483647;
			files = (
			);
			runOnlyForDeploymentPostprocessing = 0;
		};
/* End PBXFrameworksBuildPhase section */

/* Begin PBXGroup section */
		44AA34AA202928BC00DDE645 = {
			isa = PBXGroup;
			children = (
				44AA34B5202928BC00DDE645 /* baojiajun-hw2 */,
				44AA34CA202928BC00DDE645 /* baojiajun-hw2Tests */,
				44AA34D5202928BC00DDE645 /* baojiajun-hw2UITests */,
				44AA34B4202928BC00DDE645 /* Products */,
			);
			sourceTree = "<group>";
		};
		44AA34B4202928BC00DDE645 /* Products */ = {
			isa = PBXGroup;
			children = (
				44AA34B3202928BC00DDE645 /* baojiajun-hw2.app */,
				44AA34C7202928BC00DDE645 /* baojiajun-hw2Tests.xctest */,
				44AA34D2202928BC00DDE645 /* baojiajun-hw2UITests.xctest */,
			);
			name = Products;
			sourceTree = "<group>";
		};
		44AA34B5202928BC00DDE645 /* baojiajun-hw2 */ = {
			isa = PBXGroup;
			children = (
				44AA34B6202928BC00DDE645 /* AppDelegate.swift */,
				44AA34B8202928BC00DDE645 /* ViewController.swift */,
				44AA34BA202928BC00DDE645 /* Main.storyboard */,
				44AA34BD202928BC00DDE645 /* Assets.xcassets */,
				44AA34BF202928BC00DDE645 /* LaunchScreen.storyboard */,
				44AA34C2202928BC00DDE645 /* Info.plist */,
			);
			path = "baojiajun-hw2";
			sourceTree = "<group>";
		};
		44AA34CA202928BC00DDE645 /* baojiajun-hw2Tests */ = {
			isa = PBXGroup;
			children = (
				44AA34CB202928BC00DDE645 /* baojiajun_hw2Tests.swift */,
				44AA34CD202928BC00DDE645 /* Info.plist */,
			);
			path = "baojiajun-hw2Tests";
			sourceTree = "<group>";
		};
		44AA34D5202928BC00DDE645 /* baojiajun-hw2UITests */ = {
			isa = PBXGroup;
			children = (
				44AA34D6202928BC00DDE645 /* baojiajun_hw2UITests.swift */,
				44AA34D8202928BC00DDE645 /* Info.plist */,
			);
			path = "baojiajun-hw2UITests";
			sourceTree = "<group>";
		};
/* End PBXGroup section */

/* Begin PBXNativeTarget section */
		44AA34B2202928BC00DDE645 /* baojiajun-hw2 */ = {
			isa = PBXNativeTarget;
			buildConfigurationList = 44AA34DB202928BC00DDE645 /* Build configuration list for PBXNativeTarget "baojiajun-hw2" */;
			buildPhases = (
				44AA34AF202928BC00DDE645 /* Sources */,
				44AA34B0202928BC00DDE645 /* Frameworks */,
				44AA34B1202928BC00DDE645 /* Resources */,
			);
			buildRules = (
			);
			dependencies = (
			);
			name = "baojiajun-hw2";
			productName = "baojiajun-hw2";
			productReference = 44AA34B3202928BC00DDE645 /* baojiajun-hw2.app */;
			productType = "com.apple.product-type.application";
		};
		44AA34C6202928BC00DDE645 /* baojiajun-hw2Tests */ = {
			isa = PBXNativeTarget;
			buildConfigurationList = 44AA34DE202928BC00DDE645 /* Build configuration list for PBXNativeTarget "baojiajun-hw2Tests" */;
			buildPhases = (
				44AA34C3202928BC00DDE645 /* Sources */,
				44AA34C4202928BC00DDE645 /* Frameworks */,
				44AA34C5202928BC00DDE645 /* Resources */,
			);
			buildRules = (
			);
			dependencies = (
				44AA34C9202928BC00DDE645 /* PBXTargetDependency */,
			);
			name = "baojiajun-hw2Tests";
			productName = "baojiajun-hw2Tests";
			productReference = 44AA34C7202928BC00DDE645 /* baojiajun-hw2Tests.xctest */;
			productType = "com.apple.product-type.bundle.unit-test";
		};
		44AA34D1202928BC00DDE645 /* baojiajun-hw2UITests */ = {
			isa = PBXNativeTarget;
			buildConfigurationList = 44AA34E1202928BC00DDE645 /* Build configuration list for PBXNativeTarget "baojiajun-hw2UITests" */;
			buildPhases = (
				44AA34CE202928BC00DDE645 /* Sources */,
				44AA34CF202928BC00DDE645 /* Frameworks */,
				44AA34D0202928BC00DDE645 /* Resources */,
			);
			buildRules = (
			);
			dependencies = (
				44AA34D4202928BC00DDE645 /* PBXTargetDependency */,
			);
			name = "baojiajun-hw2UITests";
			productName = "baojiajun-hw2UITests";
			productReference = 44AA34D2202928BC00DDE645 /* baojiajun-hw2UITests.xctest */;
			productType = "com.apple.product-type.bundle.ui-testing";
		};
/* End PBXNativeTarget section */

/* Begin PBXProject section */
		44AA34AB202928BC00DDE645 /* Project object */ = {
			isa = PBXProject;
			attributes = {
				LastSwiftUpdateCheck = 0920;
				LastUpgradeCheck = 0920;
				ORGANIZATIONNAME = "Bao, Jiajun";
				TargetAttributes = {
					44AA34B2202928BC00DDE645 = {
						CreatedOnToolsVersion = 9.2;
						ProvisioningStyle = Automatic;
					};
					44AA34C6202928BC00DDE645 = {
						CreatedOnToolsVersion = 9.2;
						ProvisioningStyle = Automatic;
						TestTargetID = 44AA34B2202928BC00DDE645;
					};
					44AA34D1202928BC00DDE645 = {
						CreatedOnToolsVersion = 9.2;
						ProvisioningStyle = Automatic;
						TestTargetID = 44AA34B2202928BC00DDE645;
					};
				};
			};
			buildConfigurationList = 44AA34AE202928BC00DDE645 /* Build configuration list for PBXProject "baojiajun-hw2" */;
			compatibilityVersion = "Xcode 8.0";
			developmentRegion = en;
			hasScannedForEncodings = 0;
			knownRegions = (
				en,
				Base,
			);
			mainGroup = 44AA34AA202928BC00DDE645;
			productRefGroup = 44AA34B4202928BC00DDE645 /* Products */;
			projectDirPath = "";
			projectRoot = "";
			targets = (
				44AA34B2202928BC00DDE645 /* baojiajun-hw2 */,
				44AA34C6202928BC00DDE645 /* baojiajun-hw2Tests */,
				44AA34D1202928BC00DDE645 /* baojiajun-hw2UITests */,
			);
		};
/* End PBXProject section */

/* Begin PBXResourcesBuildPhase section */
		44AA34B1202928BC00DDE645 /* Resources */ = {
			isa = PBXResourcesBuildPhase;
			buildActionMask = 2147483647;
			files = (
				44AA34C1202928BC00DDE645 /* LaunchScreen.storyboard in Resources */,
				44AA34BE202928BC00DDE645 /* Assets.xcassets in Resources */,
				44AA34BC202928BC00DDE645 /* Main.storyboard in Resources */,
			);
			runOnlyForDeploymentPostprocessing = 0;
		};
		44AA34C5202928BC00DDE645 /* Resources */ = {
			isa = PBXResourcesBuildPhase;
			buildActionMask = 2147483647;
			files = (
			);
			runOnlyForDeploymentPostprocessing = 0;
		};
		44AA34D0202928BC00DDE645 /* Resources */ = {
			isa = PBXResourcesBuildPhase;
			buildActionMask = 2147483647;
			files = (
			);
			runOnlyForDeploymentPostprocessing = 0;
		};
/* End PBXResourcesBuildPhase section */

/* Begin PBXSourcesBuildPhase section */
		44AA34AF202928BC00DDE645 /* Sources */ = {
			isa = PBXSourcesBuildPhase;
			buildActionMask = 2147483647;
			files = (
				44AA34B9202928BC00DDE645 /* ViewController.swift in Sources */,
				44AA34B7202928BC00DDE645 /* AppDelegate.swift in Sources */,
			);
			runOnlyForDeploymentPostprocessing = 0;
		};
		44AA34C3202928BC00DDE645 /* Sources */ = {
			isa = PBXSourcesBuildPhase;
			buildActionMask = 2147483647;
			files = (
				44AA34CC202928BC00DDE645 /* baojiajun_hw2Tests.swift in Sources */,
			);
			runOnlyForDeploymentPostprocessing = 0;
		};
		44AA34CE202928BC00DDE645 /* Sources */ = {
			isa = PBXSourcesBuildPhase;
			buildActionMask = 2147483647;
			files = (
				44AA34D7202928BC00DDE645 /* baojiajun_hw2UITests.swift in Sources */,
			);
			runOnlyForDeploymentPostprocessing = 0;
		};
/* End PBXSourcesBuildPhase section */

/* Begin PBXTargetDependency section */
		44AA34C9202928BC00DDE645 /* PBXTargetDependency */ = {
			isa = PBXTargetDependency;
			target = 44AA34B2202928BC00DDE645 /* baojiajun-hw2 */;
			targetProxy = 44AA34C8202928BC00DDE645 /* PBXContainerItemProxy */;
		};
		44AA34D4202928BC00DDE645 /* PBXTargetDependency */ = {
			isa = PBXTargetDependency;
			target = 44AA34B2202928BC00DDE645 /* baojiajun-hw2 */;
			targetProxy = 44AA34D3202928BC00DDE645 /* PBXContainerItemProxy */;
		};
/* End PBXTargetDependency section */

/* Begin PBXVariantGroup section */
		44AA34BA202928BC00DDE645 /* Main.storyboard */ = {
			isa = PBXVariantGroup;
			children = (
				44AA34BB202928BC00DDE645 /* Base */,
			);
			name = Main.storyboard;
			sourceTree = "<group>";
		};
		44AA34BF202928BC00DDE645 /* LaunchScreen.storyboard */ = {
			isa = PBXVariantGroup;
			children = (
				44AA34C0202928BC00DDE645 /* Base */,
			);
			name = LaunchScreen.storyboard;
			sourceTree = "<group>";
		};
/* End PBXVariantGroup section */

/* Begin XCBuildConfiguration section */
		44AA34D9202928BC00DDE645 /* Debug */ = {
			isa = XCBuildConfiguration;
			buildSettings = {
				ALWAYS_SEARCH_USER_PATHS = NO;
				CLANG_ANALYZER_NONNULL = YES;
				CLANG_ANALYZER_NUMBER_OBJECT_CONVERSION = YES_AGGRESSIVE;
				CLANG_CXX_LANGUAGE_STANDARD = "gnu++14";
				CLANG_CXX_LIBRARY = "libc++";
				CLANG_ENABLE_MODULES = YES;
				CLANG_ENABLE_OBJC_ARC = YES;
				CLANG_WARN_BLOCK_CAPTURE_AUTORELEASING = YES;
				CLANG_WARN_BOOL_CONVERSION = YES;
				CLANG_WARN_COMMA = YES;
				CLANG_WARN_CONSTANT_CONVERSION = YES;
				CLANG_WARN_DIRECT_OBJC_ISA_USAGE = YES_ERROR;
				CLANG_WARN_DOCUMENTATION_COMMENTS = YES;
				CLANG_WARN_EMPTY_BODY = YES;
				CLANG_WARN_ENUM_CONVERSION = YES;
				CLANG_WARN_INFINITE_RECURSION = YES;
				CLANG_WARN_INT_CONVERSION = YES;
				CLANG_WARN_NON_LITERAL_NULL_CONVERSION = YES;
				CLANG_WARN_OBJC_LITERAL_CONVERSION = YES;
				CLANG_WARN_OBJC_ROOT_CLASS = YES_ERROR;
				CLANG_WARN_RANGE_LOOP_ANALYSIS = YES;
				CLANG_WARN_STRICT_PROTOTYPES = YES;
				CLANG_WARN_SUSPICIOUS_MOVE = YES;
				CLANG_WARN_UNGUARDED_AVAILABILITY = YES_AGGRESSIVE;
				CLANG_WARN_UNREACHABLE_CODE = YES;
				CLANG_WARN__DUPLICATE_METHOD_MATCH = YES;
				CODE_SIGN_IDENTITY = "iPhone Developer";
				COPY_PHASE_STRIP = NO;
				DEBUG_INFORMATION_FORMAT = dwarf;
				ENABLE_STRICT_OBJC_MSGSEND = YES;
				ENABLE_TESTABILITY = YES;
				GCC_C_LANGUAGE_STANDARD = gnu11;
				GCC_DYNAMIC_NO_PIC = NO;
				GCC_NO_COMMON_BLOCKS = YES;
				GCC_OPTIMIZATION_LEVEL = 0;
				GCC_PREPROCESSOR_DEFINITIONS = (
					"DEBUG=1",
					"$(inherited)",
				);
				GCC_WARN_64_TO_32_BIT_CONVERSION = YES;
				GCC_WARN_ABOUT_RETURN_TYPE = YES_ERROR;
				GCC_WARN_UNDECLARED_SELECTOR = YES;
				GCC_WARN_UNINITIALIZED_AUTOS = YES_AGGRESSIVE;
				GCC_WARN_UNUSED_FUNCTION = YES;
				GCC_WARN_UNUSED_VARIABLE = YES;
				IPHONEOS_DEPLOYMENT_TARGET = 11.2;
				MTL_ENABLE_DEBUG_INFO = YES;
				ONLY_ACTIVE_ARCH = YES;
				SDKROOT = iphoneos;
				SWIFT_ACTIVE_COMPILATION_CONDITIONS = DEBUG;
				SWIFT_OPTIMIZATION_LEVEL = "-Onone";
			};
			name = Debug;
		};
		44AA34DA202928BC00DDE645 /* Release */ = {
			isa = XCBuildConfiguration;
			buildSettings = {
				ALWAYS_SEARCH_USER_PATHS = NO;
				CLANG_ANALYZER_NONNULL = YES;
				CLANG_ANALYZER_NUMBER_OBJECT_CONVERSION = YES_AGGRESSIVE;
				CLANG_CXX_LANGUAGE_STANDARD = "gnu++14";
				CLANG_CXX_LIBRARY = "libc++";
				CLANG_ENABLE_MODULES = YES;
				CLANG_ENABLE_OBJC_ARC = YES;
				CLANG_WARN_BLOCK_CAPTURE_AUTORELEASING = YES;
				CLANG_WARN_BOOL_CONVERSION = YES;
				CLANG_WARN_COMMA = YES;
				CLANG_WARN_CONSTANT_CONVERSION = YES;
				CLANG_WARN_DIRECT_OBJC_ISA_USAGE = YES_ERROR;
				CLANG_WARN_DOCUMENTATION_COMMENTS = YES;
				CLANG_WARN_EMPTY_BODY = YES;
				CLANG_WARN_ENUM_CONVERSION = YES;
				CLANG_WARN_INFINITE_RECURSION = YES;
				CLANG_WARN_INT_CONVERSION = YES;
				CLANG_WARN_NON_LITERAL_NULL_CONVERSION = YES;
				CLANG_WARN_OBJC_LITERAL_CONVERSION = YES;
				CLANG_WARN_OBJC_ROOT_CLASS = YES_ERROR;
				CLANG_WARN_RANGE_LOOP_ANALYSIS = YES;
				CLANG_WARN_STRICT_PROTOTYPES = YES;
				CLANG_WARN_SUSPICIOUS_MOVE = YES;
				CLANG_WARN_UNGUARDED_AVAILABILITY = YES_AGGRESSIVE;
				CLANG_WARN_UNREACHABLE_CODE = YES;
				CLANG_WARN__DUPLICATE_METHOD_MATCH = YES;
				CODE_SIGN_IDENTITY = "iPhone Developer";
				COPY_PHASE_STRIP = NO;
				DEBUG_INFORMATION_FORMAT = "dwarf-with-dsym";
				ENABLE_NS_ASSERTIONS = NO;
				ENABLE_STRICT_OBJC_MSGSEND = YES;
				GCC_C_LANGUAGE_STANDARD = gnu11;
				GCC_NO_COMMON_BLOCKS = YES;
				GCC_WARN_64_TO_32_BIT_CONVERSION = YES;
				GCC_WARN_ABOUT_RETURN_TYPE = YES_ERROR;
				GCC_WARN_UNDECLARED_SELECTOR = YES;
				GCC_WARN_UNINITIALIZED_AUTOS = YES_AGGRESSIVE;
				GCC_WARN_UNUSED_FUNCTION = YES;
				GCC_WARN_UNUSED_VARIABLE = YES;
				IPHONEOS_DEPLOYMENT_TARGET = 11.2;
				MTL_ENABLE_DEBUG_INFO = NO;
				SDKROOT = iphoneos;
				SWIFT_OPTIMIZATION_LEVEL = "-Owholemodule";
				VALIDATE_PRODUCT = YES;
			};
			name = Release;
		};
		44AA34DC202928BC00DDE645 /* Debug */ = {
			isa = XCBuildConfiguration;
			buildSettings = {
				ASSETCATALOG_COMPILER_APPICON_NAME = AppIcon;
				CODE_SIGN_STYLE = Automatic;
				INFOPLIST_FILE = "baojiajun-hw2/Info.plist";
				LD_RUNPATH_SEARCH_PATHS = "$(inherited) @executable_path/Frameworks";
				PRODUCT_BUNDLE_IDENTIFIER = "com.jiajun.baojiajun-hw2";
				PRODUCT_NAME = "$(TARGET_NAME)";
				SWIFT_VERSION = 4.0;
				TARGETED_DEVICE_FAMILY = "1,2";
			};
			name = Debug;
		};
		44AA34DD202928BC00DDE645 /* Release */ = {
			isa = XCBuildConfiguration;
			buildSettings = {
				ASSETCATALOG_COMPILER_APPICON_NAME = AppIcon;
				CODE_SIGN_STYLE = Automatic;
				INFOPLIST_FILE = "baojiajun-hw2/Info.plist";
				LD_RUNPATH_SEARCH_PATHS = "$(inherited) @executable_path/Frameworks";
				PRODUCT_BUNDLE_IDENTIFIER = "com.jiajun.baojiajun-hw2";
				PRODUCT_NAME = "$(TARGET_NAME)";
				SWIFT_VERSION = 4.0;
				TARGETED_DEVICE_FAMILY = "1,2";
			};
			name = Release;
		};
		44AA34DF202928BC00DDE645 /* Debug */ = {
			isa = XCBuildConfiguration;
			buildSettings = {
				ALWAYS_EMBED_SWIFT_STANDARD_LIBRARIES = YES;
				BUNDLE_LOADER = "$(TEST_HOST)";
				CODE_SIGN_STYLE = Automatic;
				INFOPLIST_FILE = "baojiajun-hw2Tests/Info.plist";
				LD_RUNPATH_SEARCH_PATHS = "$(inherited) @executable_path/Frameworks @loader_path/Frameworks";
				PRODUCT_BUNDLE_IDENTIFIER = "com.jiajun.baojiajun-hw2Tests";
				PRODUCT_NAME = "$(TARGET_NAME)";
				SWIFT_VERSION = 4.0;
				TARGETED_DEVICE_FAMILY = "1,2";
				TEST_HOST = "$(BUILT_PRODUCTS_DIR)/baojiajun-hw2.app/baojiajun-hw2";
			};
			name = Debug;
		};
		44AA34E0202928BC00DDE645 /* Release */ = {
			isa = XCBuildConfiguration;
			buildSettings = {
				ALWAYS_EMBED_SWIFT_STANDARD_LIBRARIES = YES;
				BUNDLE_LOADER = "$(TEST_HOST)";
				CODE_SIGN_STYLE = Automatic;
				INFOPLIST_FILE = "baojiajun-hw2Tests/Info.plist";
				LD_RUNPATH_SEARCH_PATHS = "$(inherited) @executable_path/Frameworks @loader_path/Frameworks";
				PRODUCT_BUNDLE_IDENTIFIER = "com.jiajun.baojiajun-hw2Tests";
				PRODUCT_NAME = "$(TARGET_NAME)";
				SWIFT_VERSION = 4.0;
				TARGETED_DEVICE_FAMILY = "1,2";
				TEST_HOST = "$(BUILT_PRODUCTS_DIR)/baojiajun-hw2.app/baojiajun-hw2";
			};
			name = Release;
		};
		44AA34E2202928BC00DDE645 /* Debug */ = {
			isa = XCBuildConfiguration;
			buildSettings = {
				ALWAYS_EMBED_SWIFT_STANDARD_LIBRARIES = YES;
				CODE_SIGN_STYLE = Automatic;
				INFOPLIST_FILE = "baojiajun-hw2UITests/Info.plist";
				LD_RUNPATH_SEARCH_PATHS = "$(inherited) @executable_path/Frameworks @loader_path/Frameworks";
				PRODUCT_BUNDLE_IDENTIFIER = "com.jiajun.baojiajun-hw2UITests";
				PRODUCT_NAME = "$(TARGET_NAME)";
				SWIFT_VERSION = 4.0;
				TARGETED_DEVICE_FAMILY = "1,2";
				TEST_TARGET_NAME = "baojiajun-hw2";
			};
			name = Debug;
		};
		44AA34E3202928BC00DDE645 /* Release */ = {
			isa = XCBuildConfiguration;
			buildSettings = {
				ALWAYS_EMBED_SWIFT_STANDARD_LIBRARIES = YES;
				CODE_SIGN_STYLE = Automatic;
				INFOPLIST_FILE = "baojiajun-hw2UITests/Info.plist";
				LD_RUNPATH_SEARCH_PATHS = "$(inherited) @executable_path/Frameworks @loader_path/Frameworks";
				PRODUCT_BUNDLE_IDENTIFIER = "com.jiajun.baojiajun-hw2UITests";
				PRODUCT_NAME = "$(TARGET_NAME)";
				SWIFT_VERSION = 4.0;
				TARGETED_DEVICE_FAMILY = "1,2";
				TEST_TARGET_NAME = "baojiajun-hw2";
			};
			name = Release;
		};
/* End XCBuildConfiguration section */

/* Begin XCConfigurationList section */
		44AA34AE202928BC00DDE645 /* Build configuration list for PBXProject "baojiajun-hw2" */ = {
			isa = XCConfigurationList;
			buildConfigurations = (
				44AA34D9202928BC00DDE645 /* Debug */,
				44AA34DA202928BC00DDE645 /* Release */,
			);
			defaultConfigurationIsVisible = 0;
			defaultConfigurationName = Release;
		};
		44AA34DB202928BC00DDE645 /* Build configuration list for PBXNativeTarget "baojiajun-hw2" */ = {
			isa = XCConfigurationList;
			buildConfigurations = (
				44AA34DC202928BC00DDE645 /* Debug */,
				44AA34DD202928BC00DDE645 /* Release */,
			);
			defaultConfigurationIsVisible = 0;
			defaultConfigurationName = Release;
		};
		44AA34DE202928BC00DDE645 /* Build configuration list for PBXNativeTarget "baojiajun-hw2Tests" */ = {
			isa = XCConfigurationList;
			buildConfigurations = (
				44AA34DF202928BC00DDE645 /* Debug */,
				44AA34E0202928BC00DDE645 /* Release */,
			);
			defaultConfigurationIsVisible = 0;
			defaultConfigurationName = Release;
		};
		44AA34E1202928BC00DDE645 /* Build configuration list for PBXNativeTarget "baojiajun-hw2UITests" */ = {
			isa = XCConfigurationList;
			buildConfigurations = (
				44AA34E2202928BC00DDE645 /* Debug */,
				44AA34E3202928BC00DDE645 /* Release */,
			);
			defaultConfigurationIsVisible = 0;
			defaultConfigurationName = Release;
		};
/* End XCConfigurationList section */
	};
	rootObject = 44AA34AB202928BC00DDE645 /* Project object */;
}
